// !$*UTF8*$!
{
	archiveVersion = 1;
	classes = {
	};
	objectVersion = 48;
	objects = {

/* Begin PBXBuildFile section */
		DCE2CD8E1F7D57C0009046F1 /* AppDelegate.swift in Sources */ = {isa = PBXBuildFile; fileRef = DCE2CD8D1F7D57C0009046F1 /* AppDelegate.swift */; };
		DCE2CD901F7D57C0009046F1 /* ViewController.swift in Sources */ = {isa = PBXBuildFile; fileRef = DCE2CD8F1F7D57C0009046F1 /* ViewController.swift */; };
		DCE2CD931F7D57C0009046F1 /* Main.storyboard in Resources */ = {isa = PBXBuildFile; fileRef = DCE2CD911F7D57C0009046F1 /* Main.storyboard */; };
		DCE2CD951F7D57C0009046F1 /* Assets.xcassets in Resources */ = {isa = PBXBuildFile; fileRef = DCE2CD941F7D57C0009046F1 /* Assets.xcassets */; };
		DCE2CD981F7D57C0009046F1 /* LaunchScreen.storyboard in Resources */ = {isa = PBXBuildFile; fileRef = DCE2CD961F7D57C0009046F1 /* LaunchScreen.storyboard */; };
		DCE2CDA01F7D5A2B009046F1 /* list.plist in Resources */ = {isa = PBXBuildFile; fileRef = DCE2CD9F1F7D5A2B009046F1 /* list.plist */; };
/* End PBXBuildFile section */

/* Begin PBXFileReference section */
		DCE2CD8A1F7D57C0009046F1 /* demoAlamore.app */ = {isa = PBXFileReference; explicitFileType = wrapper.application; includeInIndex = 0; path = demoAlamore.app; sourceTree = BUILT_PRODUCTS_DIR; };
		DCE2CD8D1F7D57C0009046F1 /* AppDelegate.swift */ = {isa = PBXFileReference; lastKnownFileType = sourcecode.swift; path = AppDelegate.swift; sourceTree = "<group>"; };
		DCE2CD8F1F7D57C0009046F1 /* ViewController.swift */ = {isa = PBXFileReference; lastKnownFileType = sourcecode.swift; path = ViewController.swift; sourceTree = "<group>"; };
		DCE2CD921F7D57C0009046F1 /* Base */ = {isa = PBXFileReference; lastKnownFileType = file.storyboard; name = Base; path = Base.lproj/Main.storyboard; sourceTree = "<group>"; };
		DCE2CD941F7D57C0009046F1 /* Assets.xcassets */ = {isa = PBXFileReference; lastKnownFileType = folder.assetcatalog; path = Assets.xcassets; sourceTree = "<group>"; };
		DCE2CD971F7D57C0009046F1 /* Base */ = {isa = PBXFileReference; lastKnownFileType = file.storyboard; name = Base; path = Base.lproj/LaunchScreen.storyboard; sourceTree = "<group>"; };
		DCE2CD991F7D57C0009046F1 /* Info.plist */ = {isa = PBXFileReference; lastKnownFileType = text.plist.xml; path = Info.plist; sourceTree = "<group>"; };
		DCE2CD9F1F7D5A2B009046F1 /* list.plist */ = {isa = PBXFileReference; lastKnownFileType = text.plist.xml; path = list.plist; sourceTree = "<group>"; };
/* End PBXFileReference section */

/* Begin PBXFrameworksBuildPhase section */
		DCE2CD871F7D57C0009046F1 /* Frameworks */ = {
			isa = PBXFrameworksBuildPhase;
			buildActionMask = 2147483647;
			files = (
			);
			runOnlyForDeploymentPostprocessing = 0;
		};
/* End PBXFrameworksBuildPhase section */

/* Begin PBXGroup section */
		DCE2CD811F7D57C0009046F1 = {
			isa = PBXGroup;
			children = (
				DCE2CD8C1F7D57C0009046F1 /* demoAlamore */,
				DCE2CD8B1F7D57C0009046F1 /* Products */,
			);
			sourceTree = "<group>";
		};
		DCE2CD8B1F7D57C0009046F1 /* Products */ = {
			isa = PBXGroup;
			children = (
				DCE2CD8A1F7D57C0009046F1 /* demoAlamore.app */,
			);
			name = Products;
			sourceTree = "<group>";
		};
		DCE2CD8C1F7D57C0009046F1 /* demoAlamore */ = {
			isa = PBXGroup;
			children = (
				DCE2CD8D1F7D57C0009046F1 /* AppDelegate.swift */,
				DCE2CD8F1F7D57C0009046F1 /* ViewController.swift */,
				DCE2CD911F7D57C0009046F1 /* Main.storyboard */,
				DCE2CD9F1F7D5A2B009046F1 /* list.plist */,
				DCE2CD941F7D57C0009046F1 /* Assets.xcassets */,
				DCE2CD961F7D57C0009046F1 /* LaunchScreen.storyboard */,
				DCE2CD991F7D57C0009046F1 /* Info.plist */,
			);
			path = demoAlamore;
			sourceTree = "<group>";
		};
/* End PBXGroup section */

/* Begin PBXNativeTarget section */
		DCE2CD891F7D57C0009046F1 /* demoAlamore */ = {
			isa = PBXNativeTarget;
			buildConfigurationList = DCE2CD9C1F7D57C0009046F1 /* Build configuration list for PBXNativeTarget "demoAlamore" */;
			buildPhases = (
				DCE2CD861F7D57C0009046F1 /* Sources */,
				DCE2CD871F7D57C0009046F1 /* Frameworks */,
				DCE2CD881F7D57C0009046F1 /* Resources */,
			);
			buildRules = (
			);
			dependencies = (
			);
			name = demoAlamore;
			productName = demoAlamore;
			productReference = DCE2CD8A1F7D57C0009046F1 /* demoAlamore.app */;
			productType = "com.apple.product-type.application";
		};
/* End PBXNativeTarget section */

/* Begin PBXProject section */
		DCE2CD821F7D57C0009046F1 /* Project object */ = {
			isa = PBXProject;
			attributes = {
				LastSwiftUpdateCheck = 0900;
				LastUpgradeCheck = 0900;
				ORGANIZATIONNAME = Coder;
				TargetAttributes = {
					DCE2CD891F7D57C0009046F1 = {
						CreatedOnToolsVersion = 9.0;
						ProvisioningStyle = Automatic;
					};
				};
			};
			buildConfigurationList = DCE2CD851F7D57C0009046F1 /* Build configuration list for PBXProject "demoAlamore" */;
			compatibilityVersion = "Xcode 8.0";
			developmentRegion = en;
			hasScannedForEncodings = 0;
			knownRegions = (
				en,
				Base,
			);
			mainGroup = DCE2CD811F7D57C0009046F1;
			productRefGroup = DCE2CD8B1F7D57C0009046F1 /* Products */;
			projectDirPath = "";
			projectRoot = "";
			targets = (
				DCE2CD891F7D57C0009046F1 /* demoAlamore */,
			);
		};
/* End PBXProject section */

/* Begin PBXResourcesBuildPhase section */
		DCE2CD881F7D57C0009046F1 /* Resources */ = {
			isa = PBXResourcesBuildPhase;
			buildActionMask = 2147483647;
			files = (
				DCE2CDA01F7D5A2B009046F1 /* list.plist in Resources */,
				DCE2CD981F7D57C0009046F1 /* LaunchScreen.storyboard in Resources */,
				DCE2CD951F7D57C0009046F1 /* Assets.xcassets in Resources */,
				DCE2CD931F7D57C0009046F1 /* Main.storyboard in Resources */,
			);
			runOnlyForDeploymentPostprocessing = 0;
		};
/* End PBXResourcesBuildPhase section */

/* Begin PBXSourcesBuildPhase section */
		DCE2CD861F7D57C0009046F1 /* Sources */ = {
			isa = PBXSourcesBuildPhase;
			buildActionMask = 2147483647;
			files = (
				DCE2CD901F7D57C0009046F1 /* ViewController.swift in Sources */,
				DCE2CD8E1F7D57C0009046F1 /* AppDelegate.swift in Sources */,
			);
			runOnlyForDeploymentPostprocessing = 0;
		};
/* End PBXSourcesBuildPhase section */

/* Begin PBXVariantGroup section */
		DCE2CD911F7D57C0009046F1 /* Main.storyboard */ = {
			isa = PBXVariantGroup;
			children = (
				DCE2CD921F7D57C0009046F1 /* Base */,
			);
			name = Main.storyboard;
			sourceTree = "<group>";
		};
		DCE2CD961F7D57C0009046F1 /* LaunchScreen.storyboard */ = {
			isa = PBXVariantGroup;
			children = (
				DCE2CD971F7D57C0009046F1 /* Base */,
			);
			name = LaunchScreen.storyboard;
			sourceTree = "<group>";
		};
/* End PBXVariantGroup section */

/* Begin XCBuildConfiguration section */
		DCE2CD9A1F7D57C0009046F1 /* Debug */ = {
			isa = XCBuildConfiguration;
			buildSettings = {
				ALWAYS_SEARCH_USER_PATHS = NO;
				CLANG_ANALYZER_NONNULL = YES;
				CLANG_ANALYZER_NUMBER_OBJECT_CONVERSION = YES_AGGRESSIVE;
				CLANG_CXX_LANGUAGE_STANDARD = "gnu++14";
				CLANG_CXX_LIBRARY = "libc++";
				CLANG_ENABLE_MODULES = YES;
				CLANG_ENABLE_OBJC_ARC = YES;
				CLANG_WARN_BLOCK_CAPTURE_AUTORELEASING = YES;
				CLANG_WARN_BOOL_CONVERSION = YES;
				CLANG_WARN_COMMA = YES;
				CLANG_WARN_CONSTANT_CONVERSION = YES;
				CLANG_WARN_DIRECT_OBJC_ISA_USAGE = YES_ERROR;
				CLANG_WARN_DOCUMENTATION_COMMENTS = YES;
				CLANG_WARN_EMPTY_BODY = YES;
				CLANG_WARN_ENUM_CONVERSION = YES;
				CLANG_WARN_INFINITE_RECURSION = YES;
				CLANG_WARN_INT_CONVERSION = YES;
				CLANG_WARN_NON_LITERAL_NULL_CONVERSION = YES;
				CLANG_WARN_OBJC_LITERAL_CONVERSION = YES;
				CLANG_WARN_OBJC_ROOT_CLASS = YES_ERROR;
				CLANG_WARN_RANGE_LOOP_ANALYSIS = YES;
				CLANG_WARN_STRICT_PROTOTYPES = YES;
				CLANG_WARN_SUSPICIOUS_MOVE = YES;
				CLANG_WARN_UNGUARDED_AVAILABILITY = YES_AGGRESSIVE;
				CLANG_WARN_UNREACHABLE_CODE = YES;
				CLANG_WARN__DUPLICATE_METHOD_MATCH = YES;
				CODE_SIGN_IDENTITY = "iPhone Developer";
				COPY_PHASE_STRIP = NO;
				DEBUG_INFORMATION_FORMAT = dwarf;
				ENABLE_STRICT_OBJC_MSGSEND = YES;
				ENABLE_TESTABILITY = YES;
				GCC_C_LANGUAGE_STANDARD = gnu11;
				GCC_DYNAMIC_NO_PIC = NO;
				GCC_NO_COMMON_BLOCKS = YES;
				GCC_OPTIMIZATION_LEVEL = 0;
				GCC_PREPROCESSOR_DEFINITIONS = (
					"DEBUG=1",
					"$(inherited)",
				);
				GCC_WARN_64_TO_32_BIT_CONVERSION = YES;
				GCC_WARN_ABOUT_RETURN_TYPE = YES_ERROR;
				GCC_WARN_UNDECLARED_SELECTOR = YES;
				GCC_WARN_UNINITIALIZED_AUTOS = YES_AGGRESSIVE;
				GCC_WARN_UNUSED_FUNCTION = YES;
				GCC_WARN_UNUSED_VARIABLE = YES;
				IPHONEOS_DEPLOYMENT_TARGET = 11.0;
				MTL_ENABLE_DEBUG_INFO = YES;
				ONLY_ACTIVE_ARCH = YES;
				SDKROOT = iphoneos;
				SWIFT_ACTIVE_COMPILATION_CONDITIONS = DEBUG;
				SWIFT_OPTIMIZATION_LEVEL = "-Onone";
			};
			name = Debug;
		};
		DCE2CD9B1F7D57C0009046F1 /* Release */ = {
			isa = XCBuildConfiguration;
			buildSettings = {
				ALWAYS_SEARCH_USER_PATHS = NO;
				CLANG_ANALYZER_NONNULL = YES;
				CLANG_ANALYZER_NUMBER_OBJECT_CONVERSION = YES_AGGRESSIVE;
				CLANG_CXX_LANGUAGE_STANDARD = "gnu++14";
				CLANG_CXX_LIBRARY = "libc++";
				CLANG_ENABLE_MODULES = YES;
				CLANG_ENABLE_OBJC_ARC = YES;
				CLANG_WARN_BLOCK_CAPTURE_AUTORELEASING = YES;
				CLANG_WARN_BOOL_CONVERSION = YES;
				CLANG_WARN_COMMA = YES;
				CLANG_WARN_CONSTANT_CONVERSION = YES;
				CLANG_WARN_DIRECT_OBJC_ISA_USAGE = YES_ERROR;
				CLANG_WARN_DOCUMENTATION_COMMENTS = YES;
				CLANG_WARN_EMPTY_BODY = YES;
				CLANG_WARN_ENUM_CONVERSION = YES;
				CLANG_WARN_INFINITE_RECURSION = YES;
				CLANG_WARN_INT_CONVERSION = YES;
				CLANG_WARN_NON_LITERAL_NULL_CONVERSION = YES;
				CLANG_WARN_OBJC_LITERAL_CONVERSION = YES;
				CLANG_WARN_OBJC_ROOT_CLASS = YES_ERROR;
				CLANG_WARN_RANGE_LOOP_ANALYSIS = YES;
				CLANG_WARN_STRICT_PROTOTYPES = YES;
				CLANG_WARN_SUSPICIOUS_MOVE = YES;
				CLANG_WARN_UNGUARDED_AVAILABILITY = YES_AGGRESSIVE;
				CLANG_WARN_UNREACHABLE_CODE = YES;
				CLANG_WARN__DUPLICATE_METHOD_MATCH = YES;
				CODE_SIGN_IDENTITY = "iPhone Developer";
				COPY_PHASE_STRIP = NO;
				DEBUG_INFORMATION_FORMAT = "dwarf-with-dsym";
				ENABLE_NS_ASSERTIONS = NO;
				ENABLE_STRICT_OBJC_MSGSEND = YES;
				GCC_C_LANGUAGE_STANDARD = gnu11;
				GCC_NO_COMMON_BLOCKS = YES;
				GCC_WARN_64_TO_32_BIT_CONVERSION = YES;
				GCC_WARN_ABOUT_RETURN_TYPE = YES_ERROR;
				GCC_WARN_UNDECLARED_SELECTOR = YES;
				GCC_WARN_UNINITIALIZED_AUTOS = YES_AGGRESSIVE;
				GCC_WARN_UNUSED_FUNCTION = YES;
				GCC_WARN_UNUSED_VARIABLE = YES;
				IPHONEOS_DEPLOYMENT_TARGET = 11.0;
				MTL_ENABLE_DEBUG_INFO = NO;
				SDKROOT = iphoneos;
				SWIFT_OPTIMIZATION_LEVEL = "-Owholemodule";
				VALIDATE_PRODUCT = YES;
			};
			name = Release;
		};
		DCE2CD9D1F7D57C0009046F1 /* Debug */ = {
			isa = XCBuildConfiguration;
			buildSettings = {
				ASSETCATALOG_COMPILER_APPICON_NAME = AppIcon;
				CODE_SIGN_STYLE = Automatic;
				INFOPLIST_FILE = demoAlamore/Info.plist;
				LD_RUNPATH_SEARCH_PATHS = "$(inherited) @executable_path/Frameworks";
				PRODUCT_BUNDLE_IDENTIFIER = KoolCoder.demoAlamore;
				PRODUCT_NAME = "$(TARGET_NAME)";
				SWIFT_VERSION = 4.0;
				TARGETED_DEVICE_FAMILY = "1,2";
			};
			name = Debug;
		};
		DCE2CD9E1F7D57C0009046F1 /* Release */ = {
			isa = XCBuildConfiguration;
			buildSettings = {
				ASSETCATALOG_COMPILER_APPICON_NAME = AppIcon;
				CODE_SIGN_STYLE = Automatic;
				INFOPLIST_FILE = demoAlamore/Info.plist;
				LD_RUNPATH_SEARCH_PATHS = "$(inherited) @executable_path/Frameworks";
				PRODUCT_BUNDLE_IDENTIFIER = KoolCoder.demoAlamore;
				PRODUCT_NAME = "$(TARGET_NAME)";
				SWIFT_VERSION = 4.0;
				TARGETED_DEVICE_FAMILY = "1,2";
			};
			name = Release;
		};
/* End XCBuildConfiguration section */

/* Begin XCConfigurationList section */
		DCE2CD851F7D57C0009046F1 /* Build configuration list for PBXProject "demoAlamore" */ = {
			isa = XCConfigurationList;
			buildConfigurations = (
				DCE2CD9A1F7D57C0009046F1 /* Debug */,
				DCE2CD9B1F7D57C0009046F1 /* Release */,
			);
			defaultConfigurationIsVisible = 0;
			defaultConfigurationName = Release;
		};
		DCE2CD9C1F7D57C0009046F1 /* Build configuration list for PBXNativeTarget "demoAlamore" */ = {
			isa = XCConfigurationList;
			buildConfigurations = (
				DCE2CD9D1F7D57C0009046F1 /* Debug */,
				DCE2CD9E1F7D57C0009046F1 /* Release */,
			);
			defaultConfigurationIsVisible = 0;
			defaultConfigurationName = Release;
		};
/* End XCConfigurationList section */
	};
	rootObject = DCE2CD821F7D57C0009046F1 /* Project object */;
}
